
Microsoft Visual Studio Solution File, Format Version 12.00
# Visual Studio Version 17
VisualStudioVersion = 17.11.35222.181
MinimumVisualStudioVersion = 10.0.40219.1
Project("{FAE04EC0-301F-11D3-BF4B-00C04F79EFBC}") = "Klochko_Site", "Klochko_Site\Klochko_Site.csproj", "{87DF22A8-9FA7-4A13-AA88-19E57068F958}"
EndProject
Global
	GlobalSection(SolutionConfigurationPlatforms) = preSolution
		Debug|Any CPU = Debug|Any CPU
		Release|Any CPU = Release|Any CPU
	EndGlobalSection
	GlobalSection(ProjectConfigurationPlatforms) = postSolution
		{87DF22A8-9FA7-4A13-AA88-19E57068F958}.Debug|Any CPU.ActiveCfg = Debug|Any CPU
		{87DF22A8-9FA7-4A13-AA88-19E57068F958}.Debug|Any CPU.Build.0 = Debug|Any CPU
		{87DF22A8-9FA7-4A13-AA88-19E57068F958}.Release|Any CPU.ActiveCfg = Release|Any CPU
		{87DF22A8-9FA7-4A13-AA88-19E57068F958}.Release|Any CPU.Build.0 = Release|Any CPU
	EndGlobalSection
	GlobalSection(SolutionProperties) = preSolution
		HideSolutionNode = FALSE
	EndGlobalSection
	GlobalSection(ExtensibilityGlobals) = postSolution
		SolutionGuid = {0607E023-0EBD-4A51-B5B8-C43019438776}
	EndGlobalSection
EndGlobal
